// !$*UTF8*$!
{
	archiveVersion = 1;
	classes = {
	};
	objectVersion = 46;
	objects = {

/* Begin PBXBuildFile section */
		C61455A51937836000F69762 /* Foundation.framework in Frameworks */ = {isa = PBXBuildFile; fileRef = C61455A41937836000F69762 /* Foundation.framework */; };
		C61455A71937836000F69762 /* CoreGraphics.framework in Frameworks */ = {isa = PBXBuildFile; fileRef = C61455A61937836000F69762 /* CoreGraphics.framework */; };
		C61455A91937836000F69762 /* UIKit.framework in Frameworks */ = {isa = PBXBuildFile; fileRef = C61455A81937836000F69762 /* UIKit.framework */; };
		C61455AF1937836000F69762 /* InfoPlist.strings in Resources */ = {isa = PBXBuildFile; fileRef = C61455AD1937836000F69762 /* InfoPlist.strings */; };
		C61455B11937836000F69762 /* main.m in Sources */ = {isa = PBXBuildFile; fileRef = C61455B01937836000F69762 /* main.m */; };
		C61455B51937836000F69762 /* FreesoundSampleAppAppDelegate.m in Sources */ = {isa = PBXBuildFile; fileRef = C61455B41937836000F69762 /* FreesoundSampleAppAppDelegate.m */; };
		C61455B81937836000F69762 /* Main.storyboard in Resources */ = {isa = PBXBuildFile; fileRef = C61455B61937836000F69762 /* Main.storyboard */; };
		C61455BB1937836000F69762 /* FreesoundSampleAppViewController.m in Sources */ = {isa = PBXBuildFile; fileRef = C61455BA1937836000F69762 /* FreesoundSampleAppViewController.m */; };
		C61455BD1937836000F69762 /* Images.xcassets in Resources */ = {isa = PBXBuildFile; fileRef = C61455BC1937836000F69762 /* Images.xcassets */; };
		C61455C41937836000F69762 /* XCTest.framework in Frameworks */ = {isa = PBXBuildFile; fileRef = C61455C31937836000F69762 /* XCTest.framework */; };
		C61455C51937836000F69762 /* Foundation.framework in Frameworks */ = {isa = PBXBuildFile; fileRef = C61455A41937836000F69762 /* Foundation.framework */; };
		C61455C61937836000F69762 /* UIKit.framework in Frameworks */ = {isa = PBXBuildFile; fileRef = C61455A81937836000F69762 /* UIKit.framework */; };
		C61455CE1937836000F69762 /* InfoPlist.strings in Resources */ = {isa = PBXBuildFile; fileRef = C61455CC1937836000F69762 /* InfoPlist.strings */; };
		C61455D01937836000F69762 /* FreesoundSampleAppTests.m in Sources */ = {isa = PBXBuildFile; fileRef = C61455CF1937836000F69762 /* FreesoundSampleAppTests.m */; };
		C61455E4193783EC00F69762 /* Freesound-iOS.m in Sources */ = {isa = PBXBuildFile; fileRef = C61455E1193783EC00F69762 /* Freesound-iOS.m */; };
		C61455E71937853300F69762 /* SoundViewController.m in Sources */ = {isa = PBXBuildFile; fileRef = C61455E61937853300F69762 /* SoundViewController.m */; };
		C61455EC1937856300F69762 /* SearchResultsTVC.m in Sources */ = {isa = PBXBuildFile; fileRef = C61455E91937856300F69762 /* SearchResultsTVC.m */; };
		C6837D241938D4450097853D /* UserViewController.m in Sources */ = {isa = PBXBuildFile; fileRef = C6837D231938D4450097853D /* UserViewController.m */; };
		C6837D271938DA090097853D /* SoundAnalysisViewController.m in Sources */ = {isa = PBXBuildFile; fileRef = C6837D261938DA090097853D /* SoundAnalysisViewController.m */; };
/* End PBXBuildFile section */

/* Begin PBXContainerItemProxy section */
		C61455C71937836000F69762 /* PBXContainerItemProxy */ = {
			isa = PBXContainerItemProxy;
			containerPortal = C61455991937836000F69762 /* Project object */;
			proxyType = 1;
			remoteGlobalIDString = C61455A01937836000F69762;
			remoteInfo = FreesoundSampleApp;
		};
/* End PBXContainerItemProxy section */

/* Begin PBXFileReference section */
		C61455A11937836000F69762 /* FreesoundSampleApp.app */ = {isa = PBXFileReference; explicitFileType = wrapper.application; includeInIndex = 0; path = FreesoundSampleApp.app; sourceTree = BUILT_PRODUCTS_DIR; };
		C61455A41937836000F69762 /* Foundation.framework */ = {isa = PBXFileReference; lastKnownFileType = wrapper.framework; name = Foundation.framework; path = System/Library/Frameworks/Foundation.framework; sourceTree = SDKROOT; };
		C61455A61937836000F69762 /* CoreGraphics.framework */ = {isa = PBXFileReference; lastKnownFileType = wrapper.framework; name = CoreGraphics.framework; path = System/Library/Frameworks/CoreGraphics.framework; sourceTree = SDKROOT; };
		C61455A81937836000F69762 /* UIKit.framework */ = {isa = PBXFileReference; lastKnownFileType = wrapper.framework; name = UIKit.framework; path = System/Library/Frameworks/UIKit.framework; sourceTree = SDKROOT; };
		C61455AC1937836000F69762 /* FreesoundSampleApp-Info.plist */ = {isa = PBXFileReference; lastKnownFileType = text.plist.xml; path = "FreesoundSampleApp-Info.plist"; sourceTree = "<group>"; };
		C61455AE1937836000F69762 /* en */ = {isa = PBXFileReference; lastKnownFileType = text.plist.strings; name = en; path = en.lproj/InfoPlist.strings; sourceTree = "<group>"; };
		C61455B01937836000F69762 /* main.m */ = {isa = PBXFileReference; lastKnownFileType = sourcecode.c.objc; path = main.m; sourceTree = "<group>"; };
		C61455B21937836000F69762 /* FreesoundSampleApp-Prefix.pch */ = {isa = PBXFileReference; lastKnownFileType = sourcecode.c.h; path = "FreesoundSampleApp-Prefix.pch"; sourceTree = "<group>"; };
		C61455B31937836000F69762 /* FreesoundSampleAppAppDelegate.h */ = {isa = PBXFileReference; lastKnownFileType = sourcecode.c.h; path = FreesoundSampleAppAppDelegate.h; sourceTree = "<group>"; };
		C61455B41937836000F69762 /* FreesoundSampleAppAppDelegate.m */ = {isa = PBXFileReference; lastKnownFileType = sourcecode.c.objc; path = FreesoundSampleAppAppDelegate.m; sourceTree = "<group>"; };
		C61455B71937836000F69762 /* Base */ = {isa = PBXFileReference; lastKnownFileType = file.storyboard; name = Base; path = Base.lproj/Main.storyboard; sourceTree = "<group>"; };
		C61455B91937836000F69762 /* FreesoundSampleAppViewController.h */ = {isa = PBXFileReference; lastKnownFileType = sourcecode.c.h; path = FreesoundSampleAppViewController.h; sourceTree = "<group>"; };
		C61455BA1937836000F69762 /* FreesoundSampleAppViewController.m */ = {isa = PBXFileReference; lastKnownFileType = sourcecode.c.objc; path = FreesoundSampleAppViewController.m; sourceTree = "<group>"; };
		C61455BC1937836000F69762 /* Images.xcassets */ = {isa = PBXFileReference; lastKnownFileType = folder.assetcatalog; path = Images.xcassets; sourceTree = "<group>"; };
		C61455C21937836000F69762 /* FreesoundSampleAppTests.xctest */ = {isa = PBXFileReference; explicitFileType = wrapper.cfbundle; includeInIndex = 0; path = FreesoundSampleAppTests.xctest; sourceTree = BUILT_PRODUCTS_DIR; };
		C61455C31937836000F69762 /* XCTest.framework */ = {isa = PBXFileReference; lastKnownFileType = wrapper.framework; name = XCTest.framework; path = Library/Frameworks/XCTest.framework; sourceTree = DEVELOPER_DIR; };
		C61455CB1937836000F69762 /* FreesoundSampleAppTests-Info.plist */ = {isa = PBXFileReference; lastKnownFileType = text.plist.xml; path = "FreesoundSampleAppTests-Info.plist"; sourceTree = "<group>"; };
		C61455CD1937836000F69762 /* en */ = {isa = PBXFileReference; lastKnownFileType = text.plist.strings; name = en; path = en.lproj/InfoPlist.strings; sourceTree = "<group>"; };
		C61455CF1937836000F69762 /* FreesoundSampleAppTests.m */ = {isa = PBXFileReference; lastKnownFileType = sourcecode.c.objc; path = FreesoundSampleAppTests.m; sourceTree = "<group>"; };
		C61455E0193783EC00F69762 /* Freesound-iOS.h */ = {isa = PBXFileReference; fileEncoding = 4; lastKnownFileType = sourcecode.c.h; path = "Freesound-iOS.h"; sourceTree = "<group>"; };
		C61455E1193783EC00F69762 /* Freesound-iOS.m */ = {isa = PBXFileReference; fileEncoding = 4; lastKnownFileType = sourcecode.c.objc; path = "Freesound-iOS.m"; sourceTree = "<group>"; };
		C61455E2193783EC00F69762 /* FreesoundAPIKey.example.h */ = {isa = PBXFileReference; fileEncoding = 4; lastKnownFileType = sourcecode.c.h; path = FreesoundAPIKey.example.h; sourceTree = "<group>"; };
		C61455E3193783EC00F69762 /* FreesoundAPIKey.h */ = {isa = PBXFileReference; fileEncoding = 4; lastKnownFileType = sourcecode.c.h; path = FreesoundAPIKey.h; sourceTree = "<group>"; };
		C61455E51937853300F69762 /* SoundViewController.h */ = {isa = PBXFileReference; fileEncoding = 4; lastKnownFileType = sourcecode.c.h; path = SoundViewController.h; sourceTree = "<group>"; };
		C61455E61937853300F69762 /* SoundViewController.m */ = {isa = PBXFileReference; fileEncoding = 4; lastKnownFileType = sourcecode.c.objc; path = SoundViewController.m; sourceTree = "<group>"; };
		C61455E81937856300F69762 /* SearchResultsTVC.h */ = {isa = PBXFileReference; fileEncoding = 4; lastKnownFileType = sourcecode.c.h; path = SearchResultsTVC.h; sourceTree = "<group>"; };
		C61455E91937856300F69762 /* SearchResultsTVC.m */ = {isa = PBXFileReference; fileEncoding = 4; lastKnownFileType = sourcecode.c.objc; path = SearchResultsTVC.m; sourceTree = "<group>"; };
		C6837D221938D4450097853D /* UserViewController.h */ = {isa = PBXFileReference; fileEncoding = 4; lastKnownFileType = sourcecode.c.h; path = UserViewController.h; sourceTree = "<group>"; };
		C6837D231938D4450097853D /* UserViewController.m */ = {isa = PBXFileReference; fileEncoding = 4; lastKnownFileType = sourcecode.c.objc; path = UserViewController.m; sourceTree = "<group>"; };
		C6837D251938DA090097853D /* SoundAnalysisViewController.h */ = {isa = PBXFileReference; fileEncoding = 4; lastKnownFileType = sourcecode.c.h; path = SoundAnalysisViewController.h; sourceTree = "<group>"; };
		C6837D261938DA090097853D /* SoundAnalysisViewController.m */ = {isa = PBXFileReference; fileEncoding = 4; lastKnownFileType = sourcecode.c.objc; path = SoundAnalysisViewController.m; sourceTree = "<group>"; };
/* End PBXFileReference section */

/* Begin PBXFrameworksBuildPhase section */
		C614559E1937836000F69762 /* Frameworks */ = {
			isa = PBXFrameworksBuildPhase;
			buildActionMask = 2147483647;
			files = (
				C61455A71937836000F69762 /* CoreGraphics.framework in Frameworks */,
				C61455A91937836000F69762 /* UIKit.framework in Frameworks */,
				C61455A51937836000F69762 /* Foundation.framework in Frameworks */,
			);
			runOnlyForDeploymentPostprocessing = 0;
		};
		C61455BF1937836000F69762 /* Frameworks */ = {
			isa = PBXFrameworksBuildPhase;
			buildActionMask = 2147483647;
			files = (
				C61455C41937836000F69762 /* XCTest.framework in Frameworks */,
				C61455C61937836000F69762 /* UIKit.framework in Frameworks */,
				C61455C51937836000F69762 /* Foundation.framework in Frameworks */,
			);
			runOnlyForDeploymentPostprocessing = 0;
		};
/* End PBXFrameworksBuildPhase section */

/* Begin PBXGroup section */
		C61455981937836000F69762 = {
			isa = PBXGroup;
			children = (
				C61455AA1937836000F69762 /* FreesoundSampleApp */,
				C61455C91937836000F69762 /* FreesoundSampleAppTests */,
				C61455A31937836000F69762 /* Frameworks */,
				C61455A21937836000F69762 /* Products */,
			);
			sourceTree = "<group>";
		};
		C61455A21937836000F69762 /* Products */ = {
			isa = PBXGroup;
			children = (
				C61455A11937836000F69762 /* FreesoundSampleApp.app */,
				C61455C21937836000F69762 /* FreesoundSampleAppTests.xctest */,
			);
			name = Products;
			sourceTree = "<group>";
		};
		C61455A31937836000F69762 /* Frameworks */ = {
			isa = PBXGroup;
			children = (
				C61455A41937836000F69762 /* Foundation.framework */,
				C61455A61937836000F69762 /* CoreGraphics.framework */,
				C61455A81937836000F69762 /* UIKit.framework */,
				C61455C31937836000F69762 /* XCTest.framework */,
			);
			name = Frameworks;
			sourceTree = "<group>";
		};
		C61455AA1937836000F69762 /* FreesoundSampleApp */ = {
			isa = PBXGroup;
			children = (
				C61455B61937836000F69762 /* Main.storyboard */,
				C61455DF193783EC00F69762 /* Freesound-iOS */,
				C61455E81937856300F69762 /* SearchResultsTVC.h */,
				C61455E91937856300F69762 /* SearchResultsTVC.m */,
				C61455E51937853300F69762 /* SoundViewController.h */,
				C61455E61937853300F69762 /* SoundViewController.m */,
				C6837D221938D4450097853D /* UserViewController.h */,
				C6837D231938D4450097853D /* UserViewController.m */,
				C6837D251938DA090097853D /* SoundAnalysisViewController.h */,
				C6837D261938DA090097853D /* SoundAnalysisViewController.m */,
				C61455B91937836000F69762 /* FreesoundSampleAppViewController.h */,
				C61455BA1937836000F69762 /* FreesoundSampleAppViewController.m */,
				C61455AB1937836000F69762 /* Supporting Files */,
			);
			path = FreesoundSampleApp;
			sourceTree = "<group>";
		};
		C61455AB1937836000F69762 /* Supporting Files */ = {
			isa = PBXGroup;
			children = (
				C61455BC1937836000F69762 /* Images.xcassets */,
				C61455B31937836000F69762 /* FreesoundSampleAppAppDelegate.h */,
				C61455B41937836000F69762 /* FreesoundSampleAppAppDelegate.m */,
				C61455AC1937836000F69762 /* FreesoundSampleApp-Info.plist */,
				C61455AD1937836000F69762 /* InfoPlist.strings */,
				C61455B01937836000F69762 /* main.m */,
				C61455B21937836000F69762 /* FreesoundSampleApp-Prefix.pch */,
			);
			name = "Supporting Files";
			sourceTree = "<group>";
		};
		C61455C91937836000F69762 /* FreesoundSampleAppTests */ = {
			isa = PBXGroup;
			children = (
				C61455CF1937836000F69762 /* FreesoundSampleAppTests.m */,
				C61455CA1937836000F69762 /* Supporting Files */,
			);
			path = FreesoundSampleAppTests;
			sourceTree = "<group>";
		};
		C61455CA1937836000F69762 /* Supporting Files */ = {
			isa = PBXGroup;
			children = (
				C61455CB1937836000F69762 /* FreesoundSampleAppTests-Info.plist */,
				C61455CC1937836000F69762 /* InfoPlist.strings */,
			);
			name = "Supporting Files";
			sourceTree = "<group>";
		};
		C61455DF193783EC00F69762 /* Freesound-iOS */ = {
			isa = PBXGroup;
			children = (
				C61455E0193783EC00F69762 /* Freesound-iOS.h */,
				C61455E1193783EC00F69762 /* Freesound-iOS.m */,
				C61455E2193783EC00F69762 /* FreesoundAPIKey.example.h */,
				C61455E3193783EC00F69762 /* FreesoundAPIKey.h */,
			);
			path = "Freesound-iOS";
			sourceTree = SOURCE_ROOT;
		};
/* End PBXGroup section */

/* Begin PBXNativeTarget section */
		C61455A01937836000F69762 /* FreesoundSampleApp */ = {
			isa = PBXNativeTarget;
			buildConfigurationList = C61455D31937836000F69762 /* Build configuration list for PBXNativeTarget "FreesoundSampleApp" */;
			buildPhases = (
				C614559D1937836000F69762 /* Sources */,
				C614559E1937836000F69762 /* Frameworks */,
				C614559F1937836000F69762 /* Resources */,
			);
			buildRules = (
			);
			dependencies = (
			);
			name = FreesoundSampleApp;
			productName = FreesoundSampleApp;
			productReference = C61455A11937836000F69762 /* FreesoundSampleApp.app */;
			productType = "com.apple.product-type.application";
		};
		C61455C11937836000F69762 /* FreesoundSampleAppTests */ = {
			isa = PBXNativeTarget;
			buildConfigurationList = C61455D61937836000F69762 /* Build configuration list for PBXNativeTarget "FreesoundSampleAppTests" */;
			buildPhases = (
				C61455BE1937836000F69762 /* Sources */,
				C61455BF1937836000F69762 /* Frameworks */,
				C61455C01937836000F69762 /* Resources */,
			);
			buildRules = (
			);
			dependencies = (
				C61455C81937836000F69762 /* PBXTargetDependency */,
			);
			name = FreesoundSampleAppTests;
			productName = FreesoundSampleAppTests;
			productReference = C61455C21937836000F69762 /* FreesoundSampleAppTests.xctest */;
			productType = "com.apple.product-type.bundle.unit-test";
		};
/* End PBXNativeTarget section */

/* Begin PBXProject section */
		C61455991937836000F69762 /* Project object */ = {
			isa = PBXProject;
			attributes = {
				CLASSPREFIX = FreesoundSampleApp;
				LastUpgradeCheck = 0510;
				ORGANIZATIONNAME = "Frederic Font Corbera";
				TargetAttributes = {
					C61455A01937836000F69762 = {
						DevelopmentTeam = 5EJK62P4MU;
					};
					C61455C11937836000F69762 = {
						TestTargetID = C61455A01937836000F69762;
					};
				};
			};
			buildConfigurationList = C614559C1937836000F69762 /* Build configuration list for PBXProject "FreesoundSampleApp" */;
			compatibilityVersion = "Xcode 3.2";
			developmentRegion = English;
			hasScannedForEncodings = 0;
			knownRegions = (
				en,
				Base,
			);
			mainGroup = C61455981937836000F69762;
			productRefGroup = C61455A21937836000F69762 /* Products */;
			projectDirPath = "";
			projectRoot = "";
			targets = (
				C61455A01937836000F69762 /* FreesoundSampleApp */,
				C61455C11937836000F69762 /* FreesoundSampleAppTests */,
			);
		};
/* End PBXProject section */

/* Begin PBXResourcesBuildPhase section */
		C614559F1937836000F69762 /* Resources */ = {
			isa = PBXResourcesBuildPhase;
			buildActionMask = 2147483647;
			files = (
				C61455BD1937836000F69762 /* Images.xcassets in Resources */,
				C61455AF1937836000F69762 /* InfoPlist.strings in Resources */,
				C61455B81937836000F69762 /* Main.storyboard in Resources */,
			);
			runOnlyForDeploymentPostprocessing = 0;
		};
		C61455C01937836000F69762 /* Resources */ = {
			isa = PBXResourcesBuildPhase;
			buildActionMask = 2147483647;
			files = (
				C61455CE1937836000F69762 /* InfoPlist.strings in Resources */,
			);
			runOnlyForDeploymentPostprocessing = 0;
		};
/* End PBXResourcesBuildPhase section */

/* Begin PBXSourcesBuildPhase section */
		C614559D1937836000F69762 /* Sources */ = {
			isa = PBXSourcesBuildPhase;
			buildActionMask = 2147483647;
			files = (
				C6837D241938D4450097853D /* UserViewController.m in Sources */,
				C61455BB1937836000F69762 /* FreesoundSampleAppViewController.m in Sources */,
				C61455E71937853300F69762 /* SoundViewController.m in Sources */,
				C61455E4193783EC00F69762 /* Freesound-iOS.m in Sources */,
				C6837D271938DA090097853D /* SoundAnalysisViewController.m in Sources */,
				C61455B51937836000F69762 /* FreesoundSampleAppAppDelegate.m in Sources */,
				C61455B11937836000F69762 /* main.m in Sources */,
				C61455EC1937856300F69762 /* SearchResultsTVC.m in Sources */,
			);
			runOnlyForDeploymentPostprocessing = 0;
		};
		C61455BE1937836000F69762 /* Sources */ = {
			isa = PBXSourcesBuildPhase;
			buildActionMask = 2147483647;
			files = (
				C61455D01937836000F69762 /* FreesoundSampleAppTests.m in Sources */,
			);
			runOnlyForDeploymentPostprocessing = 0;
		};
/* End PBXSourcesBuildPhase section */

/* Begin PBXTargetDependency section */
		C61455C81937836000F69762 /* PBXTargetDependency */ = {
			isa = PBXTargetDependency;
			target = C61455A01937836000F69762 /* FreesoundSampleApp */;
			targetProxy = C61455C71937836000F69762 /* PBXContainerItemProxy */;
		};
/* End PBXTargetDependency section */

/* Begin PBXVariantGroup section */
		C61455AD1937836000F69762 /* InfoPlist.strings */ = {
			isa = PBXVariantGroup;
			children = (
				C61455AE1937836000F69762 /* en */,
			);
			name = InfoPlist.strings;
			sourceTree = "<group>";
		};
		C61455B61937836000F69762 /* Main.storyboard */ = {
			isa = PBXVariantGroup;
			children = (
				C61455B71937836000F69762 /* Base */,
			);
			name = Main.storyboard;
			sourceTree = "<group>";
		};
		C61455CC1937836000F69762 /* InfoPlist.strings */ = {
			isa = PBXVariantGroup;
			children = (
				C61455CD1937836000F69762 /* en */,
			);
			name = InfoPlist.strings;
			sourceTree = "<group>";
		};
/* End PBXVariantGroup section */

/* Begin XCBuildConfiguration section */
		C61455D11937836000F69762 /* Debug */ = {
			isa = XCBuildConfiguration;
			buildSettings = {
				ALWAYS_SEARCH_USER_PATHS = NO;
				CLANG_CXX_LANGUAGE_STANDARD = "gnu++0x";
				CLANG_CXX_LIBRARY = "libc++";
				CLANG_ENABLE_MODULES = YES;
				CLANG_ENABLE_OBJC_ARC = YES;
				CLANG_WARN_BOOL_CONVERSION = YES;
				CLANG_WARN_CONSTANT_CONVERSION = YES;
				CLANG_WARN_DIRECT_OBJC_ISA_USAGE = YES_ERROR;
				CLANG_WARN_EMPTY_BODY = YES;
				CLANG_WARN_ENUM_CONVERSION = YES;
				CLANG_WARN_INT_CONVERSION = YES;
				CLANG_WARN_OBJC_ROOT_CLASS = YES_ERROR;
				CLANG_WARN__DUPLICATE_METHOD_MATCH = YES;
				"CODE_SIGN_IDENTITY[sdk=iphoneos*]" = "iPhone Developer";
				COPY_PHASE_STRIP = NO;
				GCC_C_LANGUAGE_STANDARD = gnu99;
				GCC_DYNAMIC_NO_PIC = NO;
				GCC_OPTIMIZATION_LEVEL = 0;
				GCC_PREPROCESSOR_DEFINITIONS = (
					"DEBUG=1",
					"$(inherited)",
				);
				GCC_SYMBOLS_PRIVATE_EXTERN = NO;
				GCC_WARN_64_TO_32_BIT_CONVERSION = YES;
				GCC_WARN_ABOUT_RETURN_TYPE = YES_ERROR;
				GCC_WARN_UNDECLARED_SELECTOR = YES;
				GCC_WARN_UNINITIALIZED_AUTOS = YES_AGGRESSIVE;
				GCC_WARN_UNUSED_FUNCTION = YES;
				GCC_WARN_UNUSED_VARIABLE = YES;
				IPHONEOS_DEPLOYMENT_TARGET = 7.1;
				ONLY_ACTIVE_ARCH = YES;
				SDKROOT = iphoneos;
			};
			name = Debug;
		};
		C61455D21937836000F69762 /* Release */ = {
			isa = XCBuildConfiguration;
			buildSettings = {
				ALWAYS_SEARCH_USER_PATHS = NO;
				CLANG_CXX_LANGUAGE_STANDARD = "gnu++0x";
				CLANG_CXX_LIBRARY = "libc++";
				CLANG_ENABLE_MODULES = YES;
				CLANG_ENABLE_OBJC_ARC = YES;
				CLANG_WARN_BOOL_CONVERSION = YES;
				CLANG_WARN_CONSTANT_CONVERSION = YES;
				CLANG_WARN_DIRECT_OBJC_ISA_USAGE = YES_ERROR;
				CLANG_WARN_EMPTY_BODY = YES;
				CLANG_WARN_ENUM_CONVERSION = YES;
				CLANG_WARN_INT_CONVERSION = YES;
				CLANG_WARN_OBJC_ROOT_CLASS = YES_ERROR;
				CLANG_WARN__DUPLICATE_METHOD_MATCH = YES;
				"CODE_SIGN_IDENTITY[sdk=iphoneos*]" = "iPhone Developer";
				COPY_PHASE_STRIP = YES;
				ENABLE_NS_ASSERTIONS = NO;
				GCC_C_LANGUAGE_STANDARD = gnu99;
				GCC_WARN_64_TO_32_BIT_CONVERSION = YES;
				GCC_WARN_ABOUT_RETURN_TYPE = YES_ERROR;
				GCC_WARN_UNDECLARED_SELECTOR = YES;
				GCC_WARN_UNINITIALIZED_AUTOS = YES_AGGRESSIVE;
				GCC_WARN_UNUSED_FUNCTION = YES;
				GCC_WARN_UNUSED_VARIABLE = YES;
				IPHONEOS_DEPLOYMENT_TARGET = 7.1;
				SDKROOT = iphoneos;
				VALIDATE_PRODUCT = YES;
			};
			name = Release;
		};
		C61455D41937836000F69762 /* Debug */ = {
			isa = XCBuildConfiguration;
			buildSettings = {
				ASSETCATALOG_COMPILER_APPICON_NAME = AppIcon;
				ASSETCATALOG_COMPILER_LAUNCHIMAGE_NAME = LaunchImage;
				CODE_SIGN_IDENTITY = "iPhone Developer";
				"CODE_SIGN_IDENTITY[sdk=iphoneos*]" = "iPhone Developer";
				GCC_PRECOMPILE_PREFIX_HEADER = YES;
				GCC_PREFIX_HEADER = "FreesoundSampleApp/FreesoundSampleApp-Prefix.pch";
				INFOPLIST_FILE = "FreesoundSampleApp/FreesoundSampleApp-Info.plist";
				IPHONEOS_DEPLOYMENT_TARGET = 7.1;
				PRODUCT_NAME = "$(TARGET_NAME)";
				PROVISIONING_PROFILE = "";
				TARGETED_DEVICE_FAMILY = 1;
				WRAPPER_EXTENSION = app;
			};
			name = Debug;
		};
		C61455D51937836000F69762 /* Release */ = {
			isa = XCBuildConfiguration;
			buildSettings = {
				ASSETCATALOG_COMPILER_APPICON_NAME = AppIcon;
				ASSETCATALOG_COMPILER_LAUNCHIMAGE_NAME = LaunchImage;
				CODE_SIGN_IDENTITY = "iPhone Developer";
				"CODE_SIGN_IDENTITY[sdk=iphoneos*]" = "iPhone Developer";
				GCC_PRECOMPILE_PREFIX_HEADER = YES;
				GCC_PREFIX_HEADER = "FreesoundSampleApp/FreesoundSampleApp-Prefix.pch";
				INFOPLIST_FILE = "FreesoundSampleApp/FreesoundSampleApp-Info.plist";
				IPHONEOS_DEPLOYMENT_TARGET = 7.1;
				PRODUCT_NAME = "$(TARGET_NAME)";
				PROVISIONING_PROFILE = "";
				TARGETED_DEVICE_FAMILY = 1;
				WRAPPER_EXTENSION = app;
			};
			name = Release;
		};
		C61455D71937836000F69762 /* Debug */ = {
			isa = XCBuildConfiguration;
			buildSettings = {
				BUNDLE_LOADER = "$(BUILT_PRODUCTS_DIR)/FreesoundSampleApp.app/FreesoundSampleApp";
				FRAMEWORK_SEARCH_PATHS = (
					"$(SDKROOT)/Developer/Library/Frameworks",
					"$(inherited)",
					"$(DEVELOPER_FRAMEWORKS_DIR)",
				);
				GCC_PRECOMPILE_PREFIX_HEADER = YES;
				GCC_PREFIX_HEADER = "FreesoundSampleApp/FreesoundSampleApp-Prefix.pch";
				GCC_PREPROCESSOR_DEFINITIONS = (
					"DEBUG=1",
					"$(inherited)",
				);
				INFOPLIST_FILE = "FreesoundSampleAppTests/FreesoundSampleAppTests-Info.plist";
				PRODUCT_NAME = "$(TARGET_NAME)";
				TEST_HOST = "$(BUNDLE_LOADER)";
				WRAPPER_EXTENSION = xctest;
			};
			name = Debug;
		};
		C61455D81937836000F69762 /* Release */ = {
			isa = XCBuildConfiguration;
			buildSettings = {
				BUNDLE_LOADER = "$(BUILT_PRODUCTS_DIR)/FreesoundSampleApp.app/FreesoundSampleApp";
				FRAMEWORK_SEARCH_PATHS = (
					"$(SDKROOT)/Developer/Library/Frameworks",
					"$(inherited)",
					"$(DEVELOPER_FRAMEWORKS_DIR)",
				);
				GCC_PRECOMPILE_PREFIX_HEADER = YES;
				GCC_PREFIX_HEADER = "FreesoundSampleApp/FreesoundSampleApp-Prefix.pch";
				INFOPLIST_FILE = "FreesoundSampleAppTests/FreesoundSampleAppTests-Info.plist";
				PRODUCT_NAME = "$(TARGET_NAME)";
				TEST_HOST = "$(BUNDLE_LOADER)";
				WRAPPER_EXTENSION = xctest;
			};
			name = Release;
		};
/* End XCBuildConfiguration section */

/* Begin XCConfigurationList section */
		C614559C1937836000F69762 /* Build configuration list for PBXProject "FreesoundSampleApp" */ = {
			isa = XCConfigurationList;
			buildConfigurations = (
				C61455D11937836000F69762 /* Debug */,
				C61455D21937836000F69762 /* Release */,
			);
			defaultConfigurationIsVisible = 0;
			defaultConfigurationName = Release;
		};
		C61455D31937836000F69762 /* Build configuration list for PBXNativeTarget "FreesoundSampleApp" */ = {
			isa = XCConfigurationList;
			buildConfigurations = (
				C61455D41937836000F69762 /* Debug */,
				C61455D51937836000F69762 /* Release */,
			);
			defaultConfigurationIsVisible = 0;
			defaultConfigurationName = Release;
		};
		C61455D61937836000F69762 /* Build configuration list for PBXNativeTarget "FreesoundSampleAppTests" */ = {
			isa = XCConfigurationList;
			buildConfigurations = (
				C61455D71937836000F69762 /* Debug */,
				C61455D81937836000F69762 /* Release */,
			);
			defaultConfigurationIsVisible = 0;
			defaultConfigurationName = Release;
		};
/* End XCConfigurationList section */
	};
	rootObject = C61455991937836000F69762 /* Project object */;
}
